// !$*UTF8*$!
{
	archiveVersion = 1;
	classes = {
	};
	objectVersion = 50;
	objects = {

/* Begin PBXBuildFile section */
		22A0C27B255B4739004948FB /* AppDelegate.swift in Sources */ = {isa = PBXBuildFile; fileRef = 22A0C27A255B4739004948FB /* AppDelegate.swift */; };
		22A0C27D255B4739004948FB /* SceneDelegate.swift in Sources */ = {isa = PBXBuildFile; fileRef = 22A0C27C255B4739004948FB /* SceneDelegate.swift */; };
		22A0C27F255B4739004948FB /* ViewController.swift in Sources */ = {isa = PBXBuildFile; fileRef = 22A0C27E255B4739004948FB /* ViewController.swift */; };
		22A0C282255B4739004948FB /* Main.storyboard in Resources */ = {isa = PBXBuildFile; fileRef = 22A0C280255B4739004948FB /* Main.storyboard */; };
		22A0C284255B4740004948FB /* Assets.xcassets in Resources */ = {isa = PBXBuildFile; fileRef = 22A0C283255B4740004948FB /* Assets.xcassets */; };
		22A0C287255B4740004948FB /* LaunchScreen.storyboard in Resources */ = {isa = PBXBuildFile; fileRef = 22A0C285255B4740004948FB /* LaunchScreen.storyboard */; };
		22A0C2AF255C9A3C004948FB /* BlueViewController.swift in Sources */ = {isa = PBXBuildFile; fileRef = 22A0C2AE255C9A3C004948FB /* BlueViewController.swift */; };
		22A0C2B2255CA4E3004948FB /* XIBViewController.swift in Sources */ = {isa = PBXBuildFile; fileRef = 22A0C2B0255CA4E3004948FB /* XIBViewController.swift */; };
		22A0C2B3255CA4E3004948FB /* XIBViewController.xib in Resources */ = {isa = PBXBuildFile; fileRef = 22A0C2B1255CA4E3004948FB /* XIBViewController.xib */; };
		22A0C2BB255CAA09004948FB /* Xuxu.storyboard in Resources */ = {isa = PBXBuildFile; fileRef = 22A0C2BA255CAA09004948FB /* Xuxu.storyboard */; };
		22A0C2BD255CAA72004948FB /* Blue.storyboard in Resources */ = {isa = PBXBuildFile; fileRef = 22A0C2BC255CAA72004948FB /* Blue.storyboard */; };
/* End PBXBuildFile section */

/* Begin PBXFileReference section */
		22A0C277255B4739004948FB /* Navegacao.app */ = {isa = PBXFileReference; explicitFileType = wrapper.application; includeInIndex = 0; path = Navegacao.app; sourceTree = BUILT_PRODUCTS_DIR; };
		22A0C27A255B4739004948FB /* AppDelegate.swift */ = {isa = PBXFileReference; lastKnownFileType = sourcecode.swift; path = AppDelegate.swift; sourceTree = "<group>"; };
		22A0C27C255B4739004948FB /* SceneDelegate.swift */ = {isa = PBXFileReference; lastKnownFileType = sourcecode.swift; path = SceneDelegate.swift; sourceTree = "<group>"; };
		22A0C27E255B4739004948FB /* ViewController.swift */ = {isa = PBXFileReference; lastKnownFileType = sourcecode.swift; path = ViewController.swift; sourceTree = "<group>"; };
		22A0C281255B4739004948FB /* Base */ = {isa = PBXFileReference; lastKnownFileType = file.storyboard; name = Base; path = Base.lproj/Main.storyboard; sourceTree = "<group>"; };
		22A0C283255B4740004948FB /* Assets.xcassets */ = {isa = PBXFileReference; lastKnownFileType = folder.assetcatalog; path = Assets.xcassets; sourceTree = "<group>"; };
		22A0C286255B4740004948FB /* Base */ = {isa = PBXFileReference; lastKnownFileType = file.storyboard; name = Base; path = Base.lproj/LaunchScreen.storyboard; sourceTree = "<group>"; };
		22A0C288255B4740004948FB /* Info.plist */ = {isa = PBXFileReference; lastKnownFileType = text.plist.xml; path = Info.plist; sourceTree = "<group>"; };
		22A0C2AE255C9A3C004948FB /* BlueViewController.swift */ = {isa = PBXFileReference; lastKnownFileType = sourcecode.swift; path = BlueViewController.swift; sourceTree = "<group>"; };
		22A0C2B0255CA4E3004948FB /* XIBViewController.swift */ = {isa = PBXFileReference; lastKnownFileType = sourcecode.swift; path = XIBViewController.swift; sourceTree = "<group>"; };
		22A0C2B1255CA4E3004948FB /* XIBViewController.xib */ = {isa = PBXFileReference; lastKnownFileType = file.xib; path = XIBViewController.xib; sourceTree = "<group>"; };
		22A0C2BA255CAA09004948FB /* Xuxu.storyboard */ = {isa = PBXFileReference; fileEncoding = 4; lastKnownFileType = file.storyboard; path = Xuxu.storyboard; sourceTree = "<group>"; };
		22A0C2BC255CAA72004948FB /* Blue.storyboard */ = {isa = PBXFileReference; fileEncoding = 4; lastKnownFileType = file.storyboard; path = Blue.storyboard; sourceTree = "<group>"; };
/* End PBXFileReference section */

/* Begin PBXFrameworksBuildPhase section */
		22A0C274255B4739004948FB /* Frameworks */ = {
			isa = PBXFrameworksBuildPhase;
			buildActionMask = 2147483647;
			files = (
			);
			runOnlyForDeploymentPostprocessing = 0;
		};
/* End PBXFrameworksBuildPhase section */

/* Begin PBXGroup section */
		22A0C26E255B4739004948FB = {
			isa = PBXGroup;
			children = (
				22A0C279255B4739004948FB /* Navegacao */,
				22A0C278255B4739004948FB /* Products */,
			);
			sourceTree = "<group>";
		};
		22A0C278255B4739004948FB /* Products */ = {
			isa = PBXGroup;
			children = (
				22A0C277255B4739004948FB /* Navegacao.app */,
			);
			name = Products;
			sourceTree = "<group>";
		};
		22A0C279255B4739004948FB /* Navegacao */ = {
			isa = PBXGroup;
			children = (
				22A0C2BC255CAA72004948FB /* Blue.storyboard */,
				22A0C2BA255CAA09004948FB /* Xuxu.storyboard */,
				22A0C27A255B4739004948FB /* AppDelegate.swift */,
				22A0C27C255B4739004948FB /* SceneDelegate.swift */,
				22A0C27E255B4739004948FB /* ViewController.swift */,
				22A0C2AE255C9A3C004948FB /* BlueViewController.swift */,
				22A0C280255B4739004948FB /* Main.storyboard */,
				22A0C283255B4740004948FB /* Assets.xcassets */,
				22A0C285255B4740004948FB /* LaunchScreen.storyboard */,
				22A0C288255B4740004948FB /* Info.plist */,
				22A0C2B0255CA4E3004948FB /* XIBViewController.swift */,
				22A0C2B1255CA4E3004948FB /* XIBViewController.xib */,
			);
			path = Navegacao;
			sourceTree = "<group>";
		};
/* End PBXGroup section */

/* Begin PBXNativeTarget section */
		22A0C276255B4739004948FB /* Navegacao */ = {
			isa = PBXNativeTarget;
			buildConfigurationList = 22A0C28B255B4740004948FB /* Build configuration list for PBXNativeTarget "Navegacao" */;
			buildPhases = (
				22A0C273255B4739004948FB /* Sources */,
				22A0C274255B4739004948FB /* Frameworks */,
				22A0C275255B4739004948FB /* Resources */,
			);
			buildRules = (
			);
			dependencies = (
			);
			name = Navegacao;
			productName = Navegacao;
			productReference = 22A0C277255B4739004948FB /* Navegacao.app */;
			productType = "com.apple.product-type.application";
		};
/* End PBXNativeTarget section */

/* Begin PBXProject section */
		22A0C26F255B4739004948FB /* Project object */ = {
			isa = PBXProject;
			attributes = {
				LastSwiftUpdateCheck = 1170;
				LastUpgradeCheck = 1170;
				ORGANIZATIONNAME = Afrodev;
				TargetAttributes = {
					22A0C276255B4739004948FB = {
						CreatedOnToolsVersion = 11.7;
					};
				};
			};
			buildConfigurationList = 22A0C272255B4739004948FB /* Build configuration list for PBXProject "Navegacao" */;
			compatibilityVersion = "Xcode 9.3";
			developmentRegion = en;
			hasScannedForEncodings = 0;
			knownRegions = (
				en,
				Base,
			);
			mainGroup = 22A0C26E255B4739004948FB;
			productRefGroup = 22A0C278255B4739004948FB /* Products */;
			projectDirPath = "";
			projectRoot = "";
			targets = (
				22A0C276255B4739004948FB /* Navegacao */,
			);
		};
/* End PBXProject section */

/* Begin PBXResourcesBuildPhase section */
		22A0C275255B4739004948FB /* Resources */ = {
			isa = PBXResourcesBuildPhase;
			buildActionMask = 2147483647;
			files = (
				22A0C2B3255CA4E3004948FB /* XIBViewController.xib in Resources */,
				22A0C287255B4740004948FB /* LaunchScreen.storyboard in Resources */,
				22A0C284255B4740004948FB /* Assets.xcassets in Resources */,
				22A0C282255B4739004948FB /* Main.storyboard in Resources */,
				22A0C2BD255CAA72004948FB /* Blue.storyboard in Resources */,
				22A0C2BB255CAA09004948FB /* Xuxu.storyboard in Resources */,
			);
			runOnlyForDeploymentPostprocessing = 0;
		};
/* End PBXResourcesBuildPhase section */

/* Begin PBXSourcesBuildPhase section */
		22A0C273255B4739004948FB /* Sources */ = {
			isa = PBXSourcesBuildPhase;
			buildActionMask = 2147483647;
			files = (
				22A0C2B2255CA4E3004948FB /* XIBViewController.swift in Sources */,
				22A0C27F255B4739004948FB /* ViewController.swift in Sources */,
				22A0C27B255B4739004948FB /* AppDelegate.swift in Sources */,
				22A0C2AF255C9A3C004948FB /* BlueViewController.swift in Sources */,
				22A0C27D255B4739004948FB /* SceneDelegate.swift in Sources */,
			);
			runOnlyForDeploymentPostprocessing = 0;
		};
/* End PBXSourcesBuildPhase section */

/* Begin PBXVariantGroup section */
		22A0C280255B4739004948FB /* Main.storyboard */ = {
			isa = PBXVariantGroup;
			children = (
				22A0C281255B4739004948FB /* Base */,
			);
			name = Main.storyboard;
			sourceTree = "<group>";
		};
		22A0C285255B4740004948FB /* LaunchScreen.storyboard */ = {
			isa = PBXVariantGroup;
			children = (
				22A0C286255B4740004948FB /* Base */,
			);
			name = LaunchScreen.storyboard;
			sourceTree = "<group>";
		};
/* End PBXVariantGroup section */

/* Begin XCBuildConfiguration section */
		22A0C289255B4740004948FB /* Debug */ = {
			isa = XCBuildConfiguration;
			buildSettings = {
				ALWAYS_SEARCH_USER_PATHS = NO;
				CLANG_ANALYZER_NONNULL = YES;
				CLANG_ANALYZER_NUMBER_OBJECT_CONVERSION = YES_AGGRESSIVE;
				CLANG_CXX_LANGUAGE_STANDARD = "gnu++14";
				CLANG_CXX_LIBRARY = "libc++";
				CLANG_ENABLE_MODULES = YES;
				CLANG_ENABLE_OBJC_ARC = YES;
				CLANG_ENABLE_OBJC_WEAK = YES;
				CLANG_WARN_BLOCK_CAPTURE_AUTORELEASING = YES;
				CLANG_WARN_BOOL_CONVERSION = YES;
				CLANG_WARN_COMMA = YES;
				CLANG_WARN_CONSTANT_CONVERSION = YES;
				CLANG_WARN_DEPRECATED_OBJC_IMPLEMENTATIONS = YES;
				CLANG_WARN_DIRECT_OBJC_ISA_USAGE = YES_ERROR;
				CLANG_WARN_DOCUMENTATION_COMMENTS = YES;
				CLANG_WARN_EMPTY_BODY = YES;
				CLANG_WARN_ENUM_CONVERSION = YES;
				CLANG_WARN_INFINITE_RECURSION = YES;
				CLANG_WARN_INT_CONVERSION = YES;
				CLANG_WARN_NON_LITERAL_NULL_CONVERSION = YES;
				CLANG_WARN_OBJC_IMPLICIT_RETAIN_SELF = YES;
				CLANG_WARN_OBJC_LITERAL_CONVERSION = YES;
				CLANG_WARN_OBJC_ROOT_CLASS = YES_ERROR;
				CLANG_WARN_RANGE_LOOP_ANALYSIS = YES;
				CLANG_WARN_STRICT_PROTOTYPES = YES;
				CLANG_WARN_SUSPICIOUS_MOVE = YES;
				CLANG_WARN_UNGUARDED_AVAILABILITY = YES_AGGRESSIVE;
				CLANG_WARN_UNREACHABLE_CODE = YES;
				CLANG_WARN__DUPLICATE_METHOD_MATCH = YES;
				COPY_PHASE_STRIP = NO;
				DEBUG_INFORMATION_FORMAT = dwarf;
				ENABLE_STRICT_OBJC_MSGSEND = YES;
				ENABLE_TESTABILITY = YES;
				GCC_C_LANGUAGE_STANDARD = gnu11;
				GCC_DYNAMIC_NO_PIC = NO;
				GCC_NO_COMMON_BLOCKS = YES;
				GCC_OPTIMIZATION_LEVEL = 0;
				GCC_PREPROCESSOR_DEFINITIONS = (
					"DEBUG=1",
					"$(inherited)",
				);
				GCC_WARN_64_TO_32_BIT_CONVERSION = YES;
				GCC_WARN_ABOUT_RETURN_TYPE = YES_ERROR;
				GCC_WARN_UNDECLARED_SELECTOR = YES;
				GCC_WARN_UNINITIALIZED_AUTOS = YES_AGGRESSIVE;
				GCC_WARN_UNUSED_FUNCTION = YES;
				GCC_WARN_UNUSED_VARIABLE = YES;
				IPHONEOS_DEPLOYMENT_TARGET = 13.7;
				MTL_ENABLE_DEBUG_INFO = INCLUDE_SOURCE;
				MTL_FAST_MATH = YES;
				ONLY_ACTIVE_ARCH = YES;
				SDKROOT = iphoneos;
				SWIFT_ACTIVE_COMPILATION_CONDITIONS = DEBUG;
				SWIFT_OPTIMIZATION_LEVEL = "-Onone";
			};
			name = Debug;
		};
		22A0C28A255B4740004948FB /* Release */ = {
			isa = XCBuildConfiguration;
			buildSettings = {
				ALWAYS_SEARCH_USER_PATHS = NO;
				CLANG_ANALYZER_NONNULL = YES;
				CLANG_ANALYZER_NUMBER_OBJECT_CONVERSION = YES_AGGRESSIVE;
				CLANG_CXX_LANGUAGE_STANDARD = "gnu++14";
				CLANG_CXX_LIBRARY = "libc++";
				CLANG_ENABLE_MODULES = YES;
				CLANG_ENABLE_OBJC_ARC = YES;
				CLANG_ENABLE_OBJC_WEAK = YES;
				CLANG_WARN_BLOCK_CAPTURE_AUTORELEASING = YES;
				CLANG_WARN_BOOL_CONVERSION = YES;
				CLANG_WARN_COMMA = YES;
				CLANG_WARN_CONSTANT_CONVERSION = YES;
				CLANG_WARN_DEPRECATED_OBJC_IMPLEMENTATIONS = YES;
				CLANG_WARN_DIRECT_OBJC_ISA_USAGE = YES_ERROR;
				CLANG_WARN_DOCUMENTATION_COMMENTS = YES;
				CLANG_WARN_EMPTY_BODY = YES;
				CLANG_WARN_ENUM_CONVERSION = YES;
				CLANG_WARN_INFINITE_RECURSION = YES;
				CLANG_WARN_INT_CONVERSION = YES;
				CLANG_WARN_NON_LITERAL_NULL_CONVERSION = YES;
				CLANG_WARN_OBJC_IMPLICIT_RETAIN_SELF = YES;
				CLANG_WARN_OBJC_LITERAL_CONVERSION = YES;
				CLANG_WARN_OBJC_ROOT_CLASS = YES_ERROR;
				CLANG_WARN_RANGE_LOOP_ANALYSIS = YES;
				CLANG_WARN_STRICT_PROTOTYPES = YES;
				CLANG_WARN_SUSPICIOUS_MOVE = YES;
				CLANG_WARN_UNGUARDED_AVAILABILITY = YES_AGGRESSIVE;
				CLANG_WARN_UNREACHABLE_CODE = YES;
				CLANG_WARN__DUPLICATE_METHOD_MATCH = YES;
				COPY_PHASE_STRIP = NO;
				DEBUG_INFORMATION_FORMAT = "dwarf-with-dsym";
				ENABLE_NS_ASSERTIONS = NO;
				ENABLE_STRICT_OBJC_MSGSEND = YES;
				GCC_C_LANGUAGE_STANDARD = gnu11;
				GCC_NO_COMMON_BLOCKS = YES;
				GCC_WARN_64_TO_32_BIT_CONVERSION = YES;
				GCC_WARN_ABOUT_RETURN_TYPE = YES_ERROR;
				GCC_WARN_UNDECLARED_SELECTOR = YES;
				GCC_WARN_UNINITIALIZED_AUTOS = YES_AGGRESSIVE;
				GCC_WARN_UNUSED_FUNCTION = YES;
				GCC_WARN_UNUSED_VARIABLE = YES;
				IPHONEOS_DEPLOYMENT_TARGET = 13.7;
				MTL_ENABLE_DEBUG_INFO = NO;
				MTL_FAST_MATH = YES;
				SDKROOT = iphoneos;
				SWIFT_COMPILATION_MODE = wholemodule;
				SWIFT_OPTIMIZATION_LEVEL = "-O";
				VALIDATE_PRODUCT = YES;
			};
			name = Release;
		};
		22A0C28C255B4740004948FB /* Debug */ = {
			isa = XCBuildConfiguration;
			buildSettings = {
				ASSETCATALOG_COMPILER_APPICON_NAME = AppIcon;
				CODE_SIGN_STYLE = Automatic;
				INFOPLIST_FILE = Navegacao/Info.plist;
				LD_RUNPATH_SEARCH_PATHS = (
					"$(inherited)",
					"@executable_path/Frameworks",
				);
				PRODUCT_BUNDLE_IDENTIFIER = br.com.afrodev.Navegacao;
				PRODUCT_NAME = "$(TARGET_NAME)";
				SWIFT_VERSION = 5.0;
				TARGETED_DEVICE_FAMILY = "1,2";
			};
			name = Debug;
		};
		22A0C28D255B4740004948FB /* Release */ = {
			isa = XCBuildConfiguration;
			buildSettings = {
				ASSETCATALOG_COMPILER_APPICON_NAME = AppIcon;
				CODE_SIGN_STYLE = Automatic;
				INFOPLIST_FILE = Navegacao/Info.plist;
				LD_RUNPATH_SEARCH_PATHS = (
					"$(inherited)",
					"@executable_path/Frameworks",
				);
				PRODUCT_BUNDLE_IDENTIFIER = br.com.afrodev.Navegacao;
				PRODUCT_NAME = "$(TARGET_NAME)";
				SWIFT_VERSION = 5.0;
				TARGETED_DEVICE_FAMILY = "1,2";
			};
			name = Release;
		};
/* End XCBuildConfiguration section */

/* Begin XCConfigurationList section */
		22A0C272255B4739004948FB /* Build configuration list for PBXProject "Navegacao" */ = {
			isa = XCConfigurationList;
			buildConfigurations = (
				22A0C289255B4740004948FB /* Debug */,
				22A0C28A255B4740004948FB /* Release */,
			);
			defaultConfigurationIsVisible = 0;
			defaultConfigurationName = Release;
		};
		22A0C28B255B4740004948FB /* Build configuration list for PBXNativeTarget "Navegacao" */ = {
			isa = XCConfigurationList;
			buildConfigurations = (
				22A0C28C255B4740004948FB /* Debug */,
				22A0C28D255B4740004948FB /* Release */,
			);
			defaultConfigurationIsVisible = 0;
			defaultConfigurationName = Release;
		};
/* End XCConfigurationList section */
	};
	rootObject = 22A0C26F255B4739004948FB /* Project object */;
}
